<?xml version="1.0" encoding="utf-8"?>
<Project ToolsVersion="4.0" xmlns="http://schemas.microsoft.com/developer/msbuild/2003">
  <ItemGroup>
    <Filter Include="Source Files">
      <UniqueIdentifier>{4FC737F1-C7A5-4376-A066-2A32D752A2FF}</UniqueIdentifier>
      <Extensions>cpp;c;cc;cxx;def;odl;idl;hpj;bat;asm;asmx</Extensions>
    </Filter>
    <Filter Include="Header Files">
      <UniqueIdentifier>{93995380-89BD-4b04-88EB-625FBE52EBFB}</UniqueIdentifier>
      <Extensions>h;hh;hpp;hxx;hm;inl;inc;xsd</Extensions>
    </Filter>
    <Filter Include="Resource Files">
      <UniqueIdentifier>{67DA6AB6-F800-4c08-8B7A-83BB121AAD01}</UniqueIdentifier>
      <Extensions>rc;ico;cur;bmp;dlg;rc2;rct;bin;rgs;gif;jpg;jpeg;jpe;resx;tiff;tif;png;wav;mfcribbon-ms</Extensions>
    </Filter>
  </ItemGroup>
  <ItemGroup>
    <ClCompile Include="..\..\..\source\sxmaterialeditor\sxmaterialeditor.cpp">
      <Filter>Source Files</Filter>
    </ClCompile>
    <ClCompile Include="..\..\..\source\sxmaterialeditor\trackbars_callback.cpp">
      <Filter>Source Files</Filter>
    </ClCompile>
    <ClCompile Include="..\..\..\source\sxmaterialeditor\buttons_callback.cpp">
      <Filter>Source Files</Filter>
    </ClCompile>
    <ClCompile Include="..\..\..\source\sxmaterialeditor\common_callback.cpp">
      <Filter>Source Files</Filter>
    </ClCompile>
    <ClCompile Include="..\..\..\source\sxmaterialeditor\edits_callback.cpp">
      <Filter>Source Files</Filter>
    </ClCompile>
    <ClCompile Include="..\..\..\source\sxmaterialeditor\material_editor.cpp">
      <Filter>Source Files</Filter>
    </ClCompile>
    <ClCompile Include="..\..\..\source\sxmaterialeditor\shaders_kit.cpp">
      <Filter>Source Files</Filter>
    </ClCompile>
    <ClCompile Include="..\..\..\source\sxmaterialeditor\paraml_kit.cpp">
      <Filter>Source Files</Filter>
    </ClCompile>
  </ItemGroup>
  <ItemGroup>
    <ResourceCompile Include="..\..\..\source\sxmaterialeditor\SXMaterialEditor.rc">
      <Filter>Resource Files</Filter>
    </ResourceCompile>
  </ItemGroup>
  <ItemGroup>
    <ClInclude Include="..\..\..\source\sxmaterialeditor\resource.h">
      <Filter>Header Files</Filter>
    </ClInclude>
    <ClInclude Include="..\..\..\source\sxmaterialeditor\paraml_kit.h">
      <Filter>Header Files</Filter>
    </ClInclude>
    <ClInclude Include="..\..\..\source\sxmaterialeditor\shaders_kit.h">
      <Filter>Header Files</Filter>
    </ClInclude>
  </ItemGroup>
  <ItemGroup>
    <Image Include="resource\save.bmp">
      <Filter>Resource Files</Filter>
    </Image>
    <Image Include="..\..\..\source\sxmaterialeditor\resource\open.bmp">
      <Filter>Resource Files</Filter>
    </Image>
    <Image Include="..\..\..\source\sxmaterialeditor\resource\save.bmp">
      <Filter>Resource Files</Filter>
    </Image>
    <Image Include="resource\cam.bmp">
      <Filter>Resource Files</Filter>
    </Image>
    <Image Include="resource\view.bmp">
      <Filter>Resource Files</Filter>
    </Image>
    <Image Include="resource\r_c.bmp">
      <Filter>Resource Files</Filter>
    </Image>
    <Image Include="..\..\..\source\sxmaterialeditor\resource\cam.bmp">
      <Filter>Resource Files</Filter>
    </Image>
    <Image Include="..\..\..\source\sxmaterialeditor\resource\view.bmp">
      <Filter>Resource Files</Filter>
    </Image>
    <Image Include="..\..\..\source\sxmaterialeditor\resource\r_c.bmp">
      <Filter>Resource Files</Filter>
    </Image>
    <Image Include="resource\r_n.bmp">
      <Filter>Resource Files</Filter>
    </Image>
    <Image Include="..\..\..\source\sxmaterialeditor\resource\r_n.bmp">
      <Filter>Resource Files</Filter>
    </Image>
    <Image Include="resource\r_p.bmp">
      <Filter>Resource Files</Filter>
    </Image>
    <Image Include="resource\r_ad.bmp">
      <Filter>Resource Files</Filter>
    </Image>
    <Image Include="resource\r_s.bmp">
      <Filter>Resource Files</Filter>
    </Image>
    <Image Include="resource\r_l.bmp">
      <Filter>Resource Files</Filter>
    </Image>
    <Image Include="..\..\..\source\sxmaterialeditor\resource\r_p.bmp">
      <Filter>Resource Files</Filter>
    </Image>
    <Image Include="..\..\..\source\sxmaterialeditor\resource\r_ad.bmp">
      <Filter>Resource Files</Filter>
    </Image>
    <Image Include="..\..\..\source\sxmaterialeditor\resource\r_s.bmp">
      <Filter>Resource Files</Filter>
    </Image>
    <Image Include="..\..\..\source\sxmaterialeditor\resource\r_l.bmp">
      <Filter>Resource Files</Filter>
    </Image>
    <Image Include="..\..\..\source\sxparticleseditor\resource\grid.bmp">
      <Filter>Resource Files</Filter>
    </Image>
    <Image Include="..\..\..\source\SkyXEngine_preview.bmp">
      <Filter>Resource Files</Filter>
    </Image>
    <Image Include="..\..\..\source\favicon.ico">
      <Filter>Resource Files</Filter>
    </Image>
  </ItemGroup>
</Project>