
Microsoft Visual Studio Solution File, Format Version 12.00
# Visual Studio 2013
VisualStudioVersion = 12.0.40629.0
MinimumVisualStudioVersion = 10.0.40219.1
Project("{8BC9CEB8-8B4A-11D0-8D11-00A0C91BC942}") = "gui", "GUI\SXGUI.vcxproj", "{8AA0585B-D6E4-46B4-9183-3BACD5B9D47F}"
EndProject
Project("{8BC9CEB8-8B4A-11D0-8D11-00A0C91BC942}") = "guitest", "guitest\guitest.vcxproj", "{E31BEF34-E6E1-456F-B40B-42E75CFD0C73}"
	ProjectSection(ProjectDependencies) = postProject
		{8AA0585B-D6E4-46B4-9183-3BACD5B9D47F} = {8AA0585B-D6E4-46B4-9183-3BACD5B9D47F}
	EndProjectSection
EndProject
Project("{8BC9CEB8-8B4A-11D0-8D11-00A0C91BC942}") = "string", "string\string.vcxproj", "{B90F98C8-9BEA-40A2-BE9B-0828177EAB4A}"
EndProject
Global
	GlobalSection(SolutionConfigurationPlatforms) = preSolution
		Debug|Win32 = Debug|Win32
		Release|Win32 = Release|Win32
	EndGlobalSection
	GlobalSection(ProjectConfigurationPlatforms) = postSolution
		{8AA0585B-D6E4-46B4-9183-3BACD5B9D47F}.Debug|Win32.ActiveCfg = Debug|Win32
		{8AA0585B-D6E4-46B4-9183-3BACD5B9D47F}.Debug|Win32.Build.0 = Debug|Win32
		{8AA0585B-D6E4-46B4-9183-3BACD5B9D47F}.Release|Win32.ActiveCfg = Release|Win32
		{8AA0585B-D6E4-46B4-9183-3BACD5B9D47F}.Release|Win32.Build.0 = Release|Win32
		{E31BEF34-E6E1-456F-B40B-42E75CFD0C73}.Debug|Win32.ActiveCfg = Debug|Win32
		{E31BEF34-E6E1-456F-B40B-42E75CFD0C73}.Debug|Win32.Build.0 = Debug|Win32
		{E31BEF34-E6E1-456F-B40B-42E75CFD0C73}.Release|Win32.ActiveCfg = Release|Win32
		{E31BEF34-E6E1-456F-B40B-42E75CFD0C73}.Release|Win32.Build.0 = Release|Win32
		{B90F98C8-9BEA-40A2-BE9B-0828177EAB4A}.Debug|Win32.ActiveCfg = Debug|Win32
		{B90F98C8-9BEA-40A2-BE9B-0828177EAB4A}.Debug|Win32.Build.0 = Debug|Win32
		{B90F98C8-9BEA-40A2-BE9B-0828177EAB4A}.Release|Win32.ActiveCfg = Release|Win32
		{B90F98C8-9BEA-40A2-BE9B-0828177EAB4A}.Release|Win32.Build.0 = Release|Win32
	EndGlobalSection
	GlobalSection(SolutionProperties) = preSolution
		HideSolutionNode = FALSE
	EndGlobalSection
EndGlobal
