<?xml version="1.0" encoding="utf-8"?>
<Project ToolsVersion="4.0" xmlns="http://schemas.microsoft.com/developer/msbuild/2003">
  <ItemGroup>
    <ClCompile Include="..\..\..\source\core\concmd.cpp">
      <Filter>Source</Filter>
    </ClCompile>
    <ClCompile Include="..\..\..\source\core\sxcore.cpp">
      <Filter>Source</Filter>
    </ClCompile>
    <ClCompile Include="..\..\..\source\core\cvars.cpp">
      <Filter>Source</Filter>
    </ClCompile>
    <ClCompile Include="..\..\..\source\core\sxcore_dll.cpp">
      <Filter>Source</Filter>
    </ClCompile>
    <ClCompile Include="..\..\..\source\core\time.cpp">
      <Filter>Source</Filter>
    </ClCompile>
    <ClCompile Include="..\..\..\source\core\Task.cpp">
      <Filter>Source</Filter>
    </ClCompile>
    <ClCompile Include="..\..\..\source\core\TaskManager.cpp">
      <Filter>Source</Filter>
    </ClCompile>
    <ClCompile Include="..\..\..\source\core\Config.cpp">
      <Filter>Source</Filter>
    </ClCompile>
    <ClCompile Include="..\..\..\source\common\string.cpp">
      <Filter>Source</Filter>
    </ClCompile>
    <ClCompile Include="..\..\..\source\common\file_utils.cpp">
      <Filter>Source</Filter>
    </ClCompile>
    <ClCompile Include="..\..\..\source\core\file.cpp">
      <Filter>Source</Filter>
    </ClCompile>
    <ClCompile Include="..\..\..\source\common\string_utils.cpp">
      <Filter>Source</Filter>
    </ClCompile>
    <ClCompile Include="..\..\..\source\core\PerfMon.cpp">
      <Filter>Source</Filter>
    </ClCompile>
    <ClCompile Include="..\..\..\source\core\PluginManager.cpp">
      <Filter>Source</Filter>
    </ClCompile>
    <ClCompile Include="..\..\..\source\core\Core.cpp">
      <Filter>Source</Filter>
    </ClCompile>
    <ClCompile Include="..\..\..\source\core\AsyncFileReader.cpp">
      <Filter>Source</Filter>
    </ClCompile>
    <ClCompile Include="..\..\..\source\core\FileInMemory.cpp">
      <Filter>Source</Filter>
    </ClCompile>
    <ClCompile Include="..\..\..\source\core\FileSystem.cpp">
      <Filter>Source</Filter>
    </ClCompile>
    <ClCompile Include="..\..\..\source\core\ResourceModel.cpp">
      <Filter>Source\resource</Filter>
    </ClCompile>
    <ClCompile Include="..\..\..\source\core\ResourceModelStatic.cpp">
      <Filter>Source\resource</Filter>
    </ClCompile>
    <ClCompile Include="..\..\..\source\core\ResourceModelAnimated.cpp">
      <Filter>Source\resource</Filter>
    </ClCompile>
    <ClCompile Include="..\..\..\source\core\ResourceManager.cpp">
      <Filter>Source\resource</Filter>
    </ClCompile>
    <ClCompile Include="..\..\..\source\core\ModelPhysbox.cpp">
      <Filter>Source\resource</Filter>
    </ClCompile>
    <ClCompile Include="..\..\..\source\core\ModelProvider.cpp">
      <Filter>Source</Filter>
    </ClCompile>
    <ClCompile Include="..\..\..\source\core\FileExtIterator.cpp">
      <Filter>Source</Filter>
    </ClCompile>
    <ClCompile Include="..\..\..\source\core\FileExtsIterator.cpp">
      <Filter>Source</Filter>
    </ClCompile>
    <ClCompile Include="..\..\..\source\core\DirIterator.cpp">
      <Filter>Source</Filter>
    </ClCompile>
  </ItemGroup>
  <ItemGroup>
    <Filter Include="Source">
      <UniqueIdentifier>{5b1e1912-b2f9-475f-b56f-b2d75c8cd146}</UniqueIdentifier>
    </Filter>
    <Filter Include="Header">
      <UniqueIdentifier>{1aa4f2a9-fb4e-4db2-9c07-3aec1d9541d0}</UniqueIdentifier>
    </Filter>
    <Filter Include="Header\xcommon">
      <UniqueIdentifier>{b6ba7904-f9bb-4d17-b1f2-333d42a52b50}</UniqueIdentifier>
    </Filter>
    <Filter Include="Header\resource">
      <UniqueIdentifier>{4d67fb1e-021a-4a83-a90b-3d4f3b7f45c7}</UniqueIdentifier>
    </Filter>
    <Filter Include="Source\resource">
      <UniqueIdentifier>{ba70a1c2-d8e0-4210-a869-0663935c727a}</UniqueIdentifier>
    </Filter>
  </ItemGroup>
  <ItemGroup>
    <ClInclude Include="..\..\..\source\core\concmd.h">
      <Filter>Header</Filter>
    </ClInclude>
    <ClInclude Include="..\..\..\source\core\sxcore.h">
      <Filter>Header</Filter>
    </ClInclude>
    <ClInclude Include="..\..\..\source\core\cvars.h">
      <Filter>Header</Filter>
    </ClInclude>
    <ClInclude Include="..\..\..\source\core\Task.h">
      <Filter>Header</Filter>
    </ClInclude>
    <ClInclude Include="..\..\..\source\core\TaskManager.h">
      <Filter>Header</Filter>
    </ClInclude>
    <ClInclude Include="..\..\..\source\core\time.h">
      <Filter>Header</Filter>
    </ClInclude>
    <ClInclude Include="..\..\..\source\core\File.h">
      <Filter>Header</Filter>
    </ClInclude>
    <ClInclude Include="..\..\..\source\core\Config.h">
      <Filter>Header</Filter>
    </ClInclude>
    <ClInclude Include="..\..\..\source\common\string.h">
      <Filter>Header</Filter>
    </ClInclude>
    <ClInclude Include="..\..\..\source\common\file_utils.h">
      <Filter>Header</Filter>
    </ClInclude>
    <ClInclude Include="..\..\..\source\common\string_utils.h">
      <Filter>Header</Filter>
    </ClInclude>
    <ClInclude Include="..\..\..\source\common\ConcurrentQueue.h">
      <Filter>Header</Filter>
    </ClInclude>
    <ClInclude Include="..\..\..\source\core\PerfMon.h">
      <Filter>Header</Filter>
    </ClInclude>
    <ClInclude Include="..\..\..\source\xcommon\IXPlugin.h">
      <Filter>Header\xcommon</Filter>
    </ClInclude>
    <ClInclude Include="..\..\..\source\xcommon\IXRenderable.h">
      <Filter>Header\xcommon</Filter>
    </ClInclude>
    <ClInclude Include="..\..\..\source\xcommon\IXTextureLoader.h">
      <Filter>Header\xcommon</Filter>
    </ClInclude>
    <ClInclude Include="..\..\..\source\xcommon\IXUpdatable.h">
      <Filter>Header\xcommon</Filter>
    </ClInclude>
    <ClInclude Include="..\..\..\source\xcommon\IXModelLoader.h">
      <Filter>Header\xcommon</Filter>
    </ClInclude>
    <ClInclude Include="..\..\..\source\core\PluginManager.h">
      <Filter>Header</Filter>
    </ClInclude>
    <ClInclude Include="..\..\..\source\xcommon\IAsyncFileReader.h">
      <Filter>Header\xcommon</Filter>
    </ClInclude>
    <ClInclude Include="..\..\..\source\xcommon\IAsyncTaskRunner.h">
      <Filter>Header\xcommon</Filter>
    </ClInclude>
    <ClInclude Include="..\..\..\source\xcommon\IPluginManager.h">
      <Filter>Header\xcommon</Filter>
    </ClInclude>
    <ClInclude Include="..\..\..\source\xcommon\IXCore.h">
      <Filter>Header\xcommon</Filter>
    </ClInclude>
    <ClInclude Include="..\..\..\source\xcommon\IFileSystem.h">
      <Filter>Header\xcommon</Filter>
    </ClInclude>
    <ClInclude Include="..\..\..\source\core\Core.h">
      <Filter>Header</Filter>
    </ClInclude>
    <ClInclude Include="..\..\..\source\core\AsyncFileReader.h">
      <Filter>Header</Filter>
    </ClInclude>
    <ClInclude Include="..\..\..\source\core\FileInMemory.h">
      <Filter>Header</Filter>
    </ClInclude>
    <ClInclude Include="..\..\..\source\core\IFile.h">
      <Filter>Header</Filter>
    </ClInclude>
    <ClInclude Include="..\..\..\source\core\FileSystem.h">
      <Filter>Header</Filter>
    </ClInclude>
    <ClInclude Include="..\..\..\source\common\list.h">
      <Filter>Header</Filter>
    </ClInclude>
    <ClInclude Include="..\..\..\source\xcommon\resource\IXResourceManager.h">
      <Filter>Header\xcommon</Filter>
    </ClInclude>
    <ClInclude Include="..\..\..\source\xcommon\resource\IXResourceModel.h">
      <Filter>Header\xcommon</Filter>
    </ClInclude>
    <ClInclude Include="..\..\..\source\xcommon\resource\IXModel.h">
      <Filter>Header\xcommon</Filter>
    </ClInclude>
    <ClInclude Include="..\..\..\source\xcommon\resource\IXModelProvider.h">
      <Filter>Header\xcommon</Filter>
    </ClInclude>
    <ClInclude Include="..\..\..\source\core\ResourceModel.h">
      <Filter>Header\resource</Filter>
    </ClInclude>
    <ClInclude Include="..\..\..\source\core\ResourceModelAnimated.h">
      <Filter>Header\resource</Filter>
    </ClInclude>
    <ClInclude Include="..\..\..\source\core\ResourceModelStatic.h">
      <Filter>Header\resource</Filter>
    </ClInclude>
    <ClInclude Include="..\..\..\source\core\ResourceManager.h">
      <Filter>Header\resource</Filter>
    </ClInclude>
    <ClInclude Include="..\..\..\source\core\ModelPhysbox.h">
      <Filter>Header\resource</Filter>
    </ClInclude>
    <ClInclude Include="..\..\..\source\core\ModelProvider.h">
      <Filter>Header</Filter>
    </ClInclude>
    <ClInclude Include="..\..\..\source\core\FileExtIterator.h">
      <Filter>Header</Filter>
    </ClInclude>
    <ClInclude Include="..\..\..\source\core\FileExtsIterator.h">
      <Filter>Header</Filter>
    </ClInclude>
    <ClInclude Include="..\..\..\source\core\DirIterator.h">
      <Filter>Header</Filter>
    </ClInclude>
    <ClInclude Include="..\..\..\source\core\ITask.h">
      <Filter>Header</Filter>
    </ClInclude>
  </ItemGroup>
</Project>