<?xml version="1.0" encoding="utf-8"?>
<Project ToolsVersion="4.0" xmlns="http://schemas.microsoft.com/developer/msbuild/2003">
  <ItemGroup>
    <Filter Include="Source Files">
      <UniqueIdentifier>{A9AB9529-9E8B-478F-BBF7-5E54EC2FE0CF}</UniqueIdentifier>
      <Extensions>cpp;c;cc;cxx;def;odl;idl;hpj;bat;asm;asmx</Extensions>
    </Filter>
    <Filter Include="Header Files">
      <UniqueIdentifier>{50577420-3282-4353-A22E-FB30F8633BD2}</UniqueIdentifier>
      <Extensions>h;hh;hpp;hxx;hm;inl;inc;xsd</Extensions>
    </Filter>
    <Filter Include="Resource Files">
      <UniqueIdentifier>{206B0F8E-9358-439E-A1F4-F12097CE8CC4}</UniqueIdentifier>
      <Extensions>rc;ico;cur;bmp;dlg;rc2;rct;bin;rgs;gif;jpg;jpeg;jpe;resx;tiff;tif;png;wav;mfcribbon-ms</Extensions>
    </Filter>
    <Filter Include="Header Files\obj">
      <UniqueIdentifier>{f55bc6d9-5b3d-4b46-b587-6af6b777dfe5}</UniqueIdentifier>
    </Filter>
    <Filter Include="Source Files\obj">
      <UniqueIdentifier>{1f7cb921-c97d-4b33-9c29-5eab4ff99c01}</UniqueIdentifier>
    </Filter>
    <Filter Include="Header Files\cmd">
      <UniqueIdentifier>{a6b35e57-dc5d-4be0-8024-c946d51ba575}</UniqueIdentifier>
    </Filter>
    <Filter Include="Source Files\cmd">
      <UniqueIdentifier>{7c73fd69-765c-4c62-8114-ecc0ce332288}</UniqueIdentifier>
    </Filter>
  </ItemGroup>
  <ItemGroup>
    <ClCompile Include="..\..\..\source\terrax\terrax.cpp">
      <Filter>Source Files</Filter>
    </ClCompile>
    <ClCompile Include="..\..\..\source\skyxengine.cpp">
      <Filter>Source Files</Filter>
    </ClCompile>
    <ClCompile Include="..\..\..\source\editors_utils\axes_helper.cpp">
      <Filter>Source Files</Filter>
    </ClCompile>
    <ClCompile Include="..\..\..\source\common\string.cpp">
      <Filter>Source Files</Filter>
    </ClCompile>
    <ClCompile Include="..\..\..\source\common\file_utils.cpp">
      <Filter>Source Files</Filter>
    </ClCompile>
    <ClCompile Include="..\..\..\source\common\string_utils.cpp">
      <Filter>Source Files</Filter>
    </ClCompile>
    <ClCompile Include="..\..\..\source\terrax\mainWindow.cpp">
      <Filter>Source Files</Filter>
    </ClCompile>
    <ClCompile Include="..\..\..\source\terrax\Grid.cpp">
      <Filter>Source Files</Filter>
    </ClCompile>
    <ClCompile Include="..\..\..\source\terrax\XObject.cpp">
      <Filter>Source Files\obj</Filter>
    </ClCompile>
    <ClCompile Include="..\..\..\source\terrax\XStaticGeomObject.cpp">
      <Filter>Source Files\obj</Filter>
    </ClCompile>
    <ClCompile Include="..\..\..\source\terrax\UndoManager.cpp">
      <Filter>Source Files</Filter>
    </ClCompile>
    <ClCompile Include="..\..\..\source\terrax\CommandSelect.cpp">
      <Filter>Source Files\cmd</Filter>
    </ClCompile>
  </ItemGroup>
  <ItemGroup>
    <ResourceCompile Include="..\..\..\source\terrax\terrax.rc">
      <Filter>Resource Files</Filter>
    </ResourceCompile>
  </ItemGroup>
  <ItemGroup>
    <ClInclude Include="..\..\..\source\terrax\resource.h">
      <Filter>Header Files</Filter>
    </ClInclude>
    <ClInclude Include="..\..\..\source\SkyXEngine.h">
      <Filter>Header Files</Filter>
    </ClInclude>
    <ClInclude Include="..\..\..\source\gdefines.h">
      <Filter>Header Files</Filter>
    </ClInclude>
    <ClInclude Include="..\..\..\source\editors_utils\axes_helper.h">
      <Filter>Header Files</Filter>
    </ClInclude>
    <ClInclude Include="..\..\..\source\common\string.h">
      <Filter>Header Files</Filter>
    </ClInclude>
    <ClInclude Include="..\..\..\source\common\file_utils.h">
      <Filter>Header Files</Filter>
    </ClInclude>
    <ClInclude Include="..\..\..\source\common\string_utils.h">
      <Filter>Header Files</Filter>
    </ClInclude>
    <ClInclude Include="..\..\..\source\terrax\terrax.h">
      <Filter>Header Files</Filter>
    </ClInclude>
    <ClInclude Include="..\..\..\source\terrax\Grid.h">
      <Filter>Header Files</Filter>
    </ClInclude>
    <ClInclude Include="..\..\..\source\terrax\XObject.h">
      <Filter>Header Files\obj</Filter>
    </ClInclude>
    <ClInclude Include="..\..\..\source\terrax\XStaticGeomObject.h">
      <Filter>Header Files\obj</Filter>
    </ClInclude>
    <ClInclude Include="..\..\..\source\terrax\Command.h">
      <Filter>Header Files\cmd</Filter>
    </ClInclude>
    <ClInclude Include="..\..\..\source\terrax\UndoManager.h">
      <Filter>Header Files</Filter>
    </ClInclude>
    <ClInclude Include="..\..\..\source\terrax\CommandSelect.h">
      <Filter>Header Files\cmd</Filter>
    </ClInclude>
  </ItemGroup>
  <ItemGroup>
    <Image Include="..\..\..\source\terrax\resource\new.bmp">
      <Filter>Resource Files</Filter>
    </Image>
    <Image Include="resource\open.bmp">
      <Filter>Resource Files</Filter>
    </Image>
    <Image Include="..\..\..\source\terrax\resource\open.bmp">
      <Filter>Resource Files</Filter>
    </Image>
    <Image Include="resource\save_as.bmp">
      <Filter>Resource Files</Filter>
    </Image>
    <Image Include="..\..\..\source\terrax\resource\save_as.bmp">
      <Filter>Resource Files</Filter>
    </Image>
    <Image Include="resource\save.bmp">
      <Filter>Resource Files</Filter>
    </Image>
    <Image Include="..\..\..\source\terrax\resource\save.bmp">
      <Filter>Resource Files</Filter>
    </Image>
    <Image Include="resource\arrow.bmp">
      <Filter>Resource Files</Filter>
    </Image>
    <Image Include="resource\pos.bmp">
      <Filter>Resource Files</Filter>
    </Image>
    <Image Include="resource\rot.bmp">
      <Filter>Resource Files</Filter>
    </Image>
    <Image Include="resource\scale.bmp">
      <Filter>Resource Files</Filter>
    </Image>
    <Image Include="..\..\..\source\terrax\resource\arrow.bmp">
      <Filter>Resource Files</Filter>
    </Image>
    <Image Include="..\..\..\source\terrax\resource\pos.bmp">
      <Filter>Resource Files</Filter>
    </Image>
    <Image Include="..\..\..\source\terrax\resource\rot.bmp">
      <Filter>Resource Files</Filter>
    </Image>
    <Image Include="..\..\..\source\terrax\resource\scale.bmp">
      <Filter>Resource Files</Filter>
    </Image>
    <Image Include="resource\grid.bmp">
      <Filter>Resource Files</Filter>
    </Image>
    <Image Include="resource\axes.bmp">
      <Filter>Resource Files</Filter>
    </Image>
    <Image Include="..\..\..\source\terrax\resource\grid.bmp">
      <Filter>Resource Files</Filter>
    </Image>
    <Image Include="..\..\..\source\terrax\resource\axes.bmp">
      <Filter>Resource Files</Filter>
    </Image>
    <Image Include="resource\r_c.bmp">
      <Filter>Resource Files</Filter>
    </Image>
    <Image Include="resource\r_n.bmp">
      <Filter>Resource Files</Filter>
    </Image>
    <Image Include="..\..\..\source\terrax\resource\r_c.bmp">
      <Filter>Resource Files</Filter>
    </Image>
    <Image Include="..\..\..\source\terrax\resource\r_n.bmp">
      <Filter>Resource Files</Filter>
    </Image>
    <Image Include="resource\r_p.bmp">
      <Filter>Resource Files</Filter>
    </Image>
    <Image Include="resource\r_ad.bmp">
      <Filter>Resource Files</Filter>
    </Image>
    <Image Include="resource\r_s.bmp">
      <Filter>Resource Files</Filter>
    </Image>
    <Image Include="resource\r_l.bmp">
      <Filter>Resource Files</Filter>
    </Image>
    <Image Include="..\..\..\source\terrax\resource\r_p.bmp">
      <Filter>Resource Files</Filter>
    </Image>
    <Image Include="..\..\..\source\terrax\resource\r_ad.bmp">
      <Filter>Resource Files</Filter>
    </Image>
    <Image Include="..\..\..\source\terrax\resource\r_s.bmp">
      <Filter>Resource Files</Filter>
    </Image>
    <Image Include="..\..\..\source\terrax\resource\r_l.bmp">
      <Filter>Resource Files</Filter>
    </Image>
    <Image Include="resource\sel_s.bmp">
      <Filter>Resource Files</Filter>
    </Image>
    <Image Include="resource\sel_z.bmp">
      <Filter>Resource Files</Filter>
    </Image>
    <Image Include="resource\sel_m.bmp">
      <Filter>Resource Files</Filter>
    </Image>
    <Image Include="resource\sel_cb.bmp">
      <Filter>Resource Files</Filter>
    </Image>
    <Image Include="..\..\..\source\terrax\resource\sel_s.bmp">
      <Filter>Resource Files</Filter>
    </Image>
    <Image Include="..\..\..\source\terrax\resource\sel_z.bmp">
      <Filter>Resource Files</Filter>
    </Image>
    <Image Include="..\..\..\source\terrax\resource\sel_m.bmp">
      <Filter>Resource Files</Filter>
    </Image>
    <Image Include="..\..\..\source\terrax\resource\sel_cb.bmp">
      <Filter>Resource Files</Filter>
    </Image>
    <Image Include="..\..\..\source\SkyXEngine_preview.bmp">
      <Filter>Resource Files</Filter>
    </Image>
    <Image Include="resource\aigrid_bound.bmp">
      <Filter>Resource Files</Filter>
    </Image>
    <Image Include="..\..\..\source\terrax\resource\aigrid_bound.bmp">
      <Filter>Resource Files</Filter>
    </Image>
    <Image Include="resource\aigrid_quad.bmp">
      <Filter>Resource Files</Filter>
    </Image>
    <Image Include="resource\aigrid_graphpoint.bmp">
      <Filter>Resource Files</Filter>
    </Image>
    <Image Include="..\..\..\source\terrax\resource\aigrid_quad.bmp">
      <Filter>Resource Files</Filter>
    </Image>
    <Image Include="..\..\..\source\terrax\resource\aigrid_graphpoint.bmp">
      <Filter>Resource Files</Filter>
    </Image>
    <Image Include="resource\lvl_in.bmp">
      <Filter>Resource Files</Filter>
    </Image>
    <Image Include="resource\lvl_out.bmp">
      <Filter>Resource Files</Filter>
    </Image>
    <Image Include="resource\sun.bmp">
      <Filter>Resource Files</Filter>
    </Image>
    <Image Include="..\..\..\source\terrax\resource\lvl_in.bmp">
      <Filter>Resource Files</Filter>
    </Image>
    <Image Include="..\..\..\source\terrax\resource\lvl_out.bmp">
      <Filter>Resource Files</Filter>
    </Image>
    <Image Include="..\..\..\source\terrax\resource\sun.bmp">
      <Filter>Resource Files</Filter>
    </Image>
    <Image Include="..\..\..\source\favicon.ico">
      <Filter>Resource Files</Filter>
    </Image>
    <Image Include="resource\reset_update_local_light.bmp">
      <Filter>Resource Files</Filter>
    </Image>
    <Image Include="..\..\..\source\terrax\resource\reset_update_local_light.bmp">
      <Filter>Resource Files</Filter>
    </Image>
    <Image Include="..\..\..\source\terrax\resource\bitmap29.bmp">
      <Filter>Resource Files</Filter>
    </Image>
    <Image Include="resource\ab_arrow.png">
      <Filter>Resource Files</Filter>
    </Image>
    <Image Include="..\..\..\source\terrax\resource\ab_arrow.png">
      <Filter>Resource Files</Filter>
    </Image>
    <Image Include="resource\ab_arrow.bmp">
      <Filter>Resource Files</Filter>
    </Image>
    <Image Include="..\..\..\source\terrax\resource\ab_arrow.bmp">
      <Filter>Resource Files</Filter>
    </Image>
    <Image Include="..\..\..\source\terrax\resource\bitmap31.bmp">
      <Filter>Resource Files</Filter>
    </Image>
    <Image Include="resource\ab_camera.bmp">
      <Filter>Resource Files</Filter>
    </Image>
    <Image Include="..\..\..\source\terrax\resource\ab_camera.bmp">
      <Filter>Resource Files</Filter>
    </Image>
    <Image Include="..\..\..\source\terrax\resource\toolbar1.bmp">
      <Filter>Resource Files</Filter>
    </Image>
  </ItemGroup>
</Project>