<?xml version="1.0" encoding="utf-8"?>
<Project ToolsVersion="4.0" xmlns="http://schemas.microsoft.com/developer/msbuild/2003">
  <ItemGroup>
    <ClCompile Include="..\..\..\source\input\sxinput_dll.cpp" />
    <ClCompile Include="..\..\..\source\input\input.cpp">
      <Filter>Source</Filter>
    </ClCompile>
    <ClCompile Include="..\..\..\source\input\sxinput.cpp">
      <Filter>Source</Filter>
    </ClCompile>
  </ItemGroup>
  <ItemGroup>
    <Filter Include="Source">
      <UniqueIdentifier>{5e046bfb-5805-4801-a10b-dcc741c5254a}</UniqueIdentifier>
    </Filter>
    <Filter Include="Header">
      <UniqueIdentifier>{e00433a7-dc06-4f5d-ab50-2ad6824e54ec}</UniqueIdentifier>
    </Filter>
  </ItemGroup>
  <ItemGroup>
    <ClInclude Include="..\..\..\source\input\sxinput.h">
      <Filter>Header</Filter>
    </ClInclude>
    <ClInclude Include="..\..\..\source\input\input.h">
      <Filter>Header</Filter>
    </ClInclude>
  </ItemGroup>
</Project>