<?xml version="1.0" encoding="utf-8"?>
<Project ToolsVersion="4.0" xmlns="http://schemas.microsoft.com/developer/msbuild/2003">
  <ItemGroup>
    <Filter Include="Extras">
      <UniqueIdentifier>{BD2F18AC-73D9-3846-908D-22FB2D1E46A5}</UniqueIdentifier>
    </Filter>
    <Filter Include="Extras\VHACD">
      <UniqueIdentifier>{7B6D5377-C774-A947-A35D-AC55CF5A041F}</UniqueIdentifier>
    </Filter>
    <Filter Include="Extras\VHACD\test">
      <UniqueIdentifier>{EA957E93-2C10-9849-BE81-A48D17EFDBCC}</UniqueIdentifier>
    </Filter>
    <Filter Include="Extras\VHACD\test\src">
      <UniqueIdentifier>{BE6436B3-F31D-2A4C-9120-F75ABF924060}</UniqueIdentifier>
    </Filter>
  </ItemGroup>
  <ItemGroup>
    <ClCompile Include="..\..\Extras\VHACD\test\src\main.cpp">
      <Filter>Extras\VHACD\test\src</Filter>
    </ClCompile>
  </ItemGroup>
</Project>
