<?xml version="1.0" encoding="utf-8"?>
<Project ToolsVersion="4.0" xmlns="http://schemas.microsoft.com/developer/msbuild/2003">
  <ItemGroup>
    <Filter Include="examples">
      <UniqueIdentifier>{78543A4B-6F25-FD45-B3E5-338A15C68117}</UniqueIdentifier>
    </Filter>
    <Filter Include="examples\ThirdPartyLibs">
      <UniqueIdentifier>{83CF27A3-1B82-6240-9D89-EBCE78B5FA01}</UniqueIdentifier>
    </Filter>
    <Filter Include="examples\ThirdPartyLibs\Glew">
      <UniqueIdentifier>{13EB67E3-2C6B-2C4F-98F8-78B3DCCC5814}</UniqueIdentifier>
    </Filter>
    <Filter Include="examples\OpenGLWindow">
      <UniqueIdentifier>{E12155B7-E28D-944B-915E-BF0315C0C7F9}</UniqueIdentifier>
    </Filter>
    <Filter Include="examples\Utils">
      <UniqueIdentifier>{ADF2C768-9B84-3C4A-B0D3-F763979FAB3C}</UniqueIdentifier>
    </Filter>
    <Filter Include="test">
      <UniqueIdentifier>{D1AB064B-76C0-0A42-A712-43983E63BEA5}</UniqueIdentifier>
    </Filter>
    <Filter Include="test\GwenOpenGLTest">
      <UniqueIdentifier>{44485F55-C650-F745-A912-A116C0ADA3FD}</UniqueIdentifier>
    </Filter>
  </ItemGroup>
  <ItemGroup>
    <ClInclude Include="..\..\examples\OpenGLWindow\TwFonts.h">
      <Filter>examples\OpenGLWindow</Filter>
    </ClInclude>
    <ClInclude Include="..\..\examples\OpenGLWindow\LoadShader.h">
      <Filter>examples\OpenGLWindow</Filter>
    </ClInclude>
    <ClInclude Include="..\..\examples\OpenGLWindow\GLPrimitiveRenderer.h">
      <Filter>examples\OpenGLWindow</Filter>
    </ClInclude>
    <ClInclude Include="..\..\examples\OpenGLWindow\GwenOpenGL3CoreRenderer.h">
      <Filter>examples\OpenGLWindow</Filter>
    </ClInclude>
    <ClInclude Include="..\..\examples\OpenGLWindow\fontstash.h">
      <Filter>examples\OpenGLWindow</Filter>
    </ClInclude>
    <ClInclude Include="..\..\examples\OpenGLWindow\opengl_fontstashcallbacks.h">
      <Filter>examples\OpenGLWindow</Filter>
    </ClInclude>
    <ClInclude Include="..\..\examples\Utils\b3Clock.h">
      <Filter>examples\Utils</Filter>
    </ClInclude>
    <ClInclude Include="..\..\test\GwenOpenGLTest\UnitTest.h">
      <Filter>test\GwenOpenGLTest</Filter>
    </ClInclude>
    <ClInclude Include="..\..\examples\OpenGLWindow\Win32OpenGLWindow.h">
      <Filter>examples\OpenGLWindow</Filter>
    </ClInclude>
    <ClInclude Include="..\..\examples\OpenGLWindow\Win32Window.h">
      <Filter>examples\OpenGLWindow</Filter>
    </ClInclude>
  </ItemGroup>
  <ItemGroup>
    <ClCompile Include="..\..\examples\ThirdPartyLibs\Glew\glew.c">
      <Filter>examples\ThirdPartyLibs\Glew</Filter>
    </ClCompile>
    <ClCompile Include="..\..\examples\OpenGLWindow\OpenSans.cpp">
      <Filter>examples\OpenGLWindow</Filter>
    </ClCompile>
    <ClCompile Include="..\..\examples\OpenGLWindow\TwFonts.cpp">
      <Filter>examples\OpenGLWindow</Filter>
    </ClCompile>
    <ClCompile Include="..\..\examples\OpenGLWindow\LoadShader.cpp">
      <Filter>examples\OpenGLWindow</Filter>
    </ClCompile>
    <ClCompile Include="..\..\examples\OpenGLWindow\GLPrimitiveRenderer.cpp">
      <Filter>examples\OpenGLWindow</Filter>
    </ClCompile>
    <ClCompile Include="..\..\examples\OpenGLWindow\fontstash.cpp">
      <Filter>examples\OpenGLWindow</Filter>
    </ClCompile>
    <ClCompile Include="..\..\examples\OpenGLWindow\opengl_fontstashcallbacks.cpp">
      <Filter>examples\OpenGLWindow</Filter>
    </ClCompile>
    <ClCompile Include="..\..\examples\Utils\b3Clock.cpp">
      <Filter>examples\Utils</Filter>
    </ClCompile>
    <ClCompile Include="..\..\test\GwenOpenGLTest\Button.cpp">
      <Filter>test\GwenOpenGLTest</Filter>
    </ClCompile>
    <ClCompile Include="..\..\test\GwenOpenGLTest\Checkbox.cpp">
      <Filter>test\GwenOpenGLTest</Filter>
    </ClCompile>
    <ClCompile Include="..\..\test\GwenOpenGLTest\ComboBox.cpp">
      <Filter>test\GwenOpenGLTest</Filter>
    </ClCompile>
    <ClCompile Include="..\..\test\GwenOpenGLTest\CrossSplitter.cpp">
      <Filter>test\GwenOpenGLTest</Filter>
    </ClCompile>
    <ClCompile Include="..\..\test\GwenOpenGLTest\GroupBox.cpp">
      <Filter>test\GwenOpenGLTest</Filter>
    </ClCompile>
    <ClCompile Include="..\..\test\GwenOpenGLTest\ImagePanel.cpp">
      <Filter>test\GwenOpenGLTest</Filter>
    </ClCompile>
    <ClCompile Include="..\..\test\GwenOpenGLTest\Label.cpp">
      <Filter>test\GwenOpenGLTest</Filter>
    </ClCompile>
    <ClCompile Include="..\..\test\GwenOpenGLTest\ListBox.cpp">
      <Filter>test\GwenOpenGLTest</Filter>
    </ClCompile>
    <ClCompile Include="..\..\test\GwenOpenGLTest\MenuStrip.cpp">
      <Filter>test\GwenOpenGLTest</Filter>
    </ClCompile>
    <ClCompile Include="..\..\test\GwenOpenGLTest\Numeric.cpp">
      <Filter>test\GwenOpenGLTest</Filter>
    </ClCompile>
    <ClCompile Include="..\..\test\GwenOpenGLTest\OpenGLSample.cpp">
      <Filter>test\GwenOpenGLTest</Filter>
    </ClCompile>
    <ClCompile Include="..\..\test\GwenOpenGLTest\PanelListPanel.cpp">
      <Filter>test\GwenOpenGLTest</Filter>
    </ClCompile>
    <ClCompile Include="..\..\test\GwenOpenGLTest\ProgressBar.cpp">
      <Filter>test\GwenOpenGLTest</Filter>
    </ClCompile>
    <ClCompile Include="..\..\test\GwenOpenGLTest\Properties.cpp">
      <Filter>test\GwenOpenGLTest</Filter>
    </ClCompile>
    <ClCompile Include="..\..\test\GwenOpenGLTest\RadioButton.cpp">
      <Filter>test\GwenOpenGLTest</Filter>
    </ClCompile>
    <ClCompile Include="..\..\test\GwenOpenGLTest\ScrollControl.cpp">
      <Filter>test\GwenOpenGLTest</Filter>
    </ClCompile>
    <ClCompile Include="..\..\test\GwenOpenGLTest\Slider.cpp">
      <Filter>test\GwenOpenGLTest</Filter>
    </ClCompile>
    <ClCompile Include="..\..\test\GwenOpenGLTest\StatusBar.cpp">
      <Filter>test\GwenOpenGLTest</Filter>
    </ClCompile>
    <ClCompile Include="..\..\test\GwenOpenGLTest\TabControl.cpp">
      <Filter>test\GwenOpenGLTest</Filter>
    </ClCompile>
    <ClCompile Include="..\..\test\GwenOpenGLTest\TextBox.cpp">
      <Filter>test\GwenOpenGLTest</Filter>
    </ClCompile>
    <ClCompile Include="..\..\test\GwenOpenGLTest\TreeControl.cpp">
      <Filter>test\GwenOpenGLTest</Filter>
    </ClCompile>
    <ClCompile Include="..\..\test\GwenOpenGLTest\UnitTest.cpp">
      <Filter>test\GwenOpenGLTest</Filter>
    </ClCompile>
    <ClCompile Include="..\..\examples\OpenGLWindow\Win32OpenGLWindow.cpp">
      <Filter>examples\OpenGLWindow</Filter>
    </ClCompile>
    <ClCompile Include="..\..\examples\OpenGLWindow\Win32Window.cpp">
      <Filter>examples\OpenGLWindow</Filter>
    </ClCompile>
  </ItemGroup>
</Project>
