<?xml version="1.0" encoding="utf-8"?>
<Project ToolsVersion="4.0" xmlns="http://schemas.microsoft.com/developer/msbuild/2003">
  <ItemGroup>
    <Filter Include="test">
      <UniqueIdentifier>{FE925739-1841-8743-BC6E-FF80AC3DC36B}</UniqueIdentifier>
    </Filter>
    <Filter Include="test\InverseDynamics">
      <UniqueIdentifier>{AB84D085-257C-8645-91B5-7D9967020909}</UniqueIdentifier>
    </Filter>
  </ItemGroup>
  <ItemGroup>
    <ClCompile Include="..\..\test\InverseDynamics\test_invdyn_jacobian.cpp">
      <Filter>test\InverseDynamics</Filter>
    </ClCompile>
  </ItemGroup>
</Project>
