<?xml version="1.0" encoding="utf-8"?>
<Project ToolsVersion="4.0" xmlns="http://schemas.microsoft.com/developer/msbuild/2003">
  <ItemGroup>
    <Filter Include="Source Files">
      <UniqueIdentifier>{B16CCB63-F9BC-4166-9617-D8385E6A43BE}</UniqueIdentifier>
      <Extensions>cpp;c;cc;cxx;def;odl;idl;hpj;bat;asm;asmx</Extensions>
    </Filter>
    <Filter Include="Header Files">
      <UniqueIdentifier>{3EE617EE-0D07-4257-8BB5-B0D4AB5313D6}</UniqueIdentifier>
      <Extensions>h;hh;hpp;hxx;hm;inl;inc;xsd</Extensions>
    </Filter>
    <Filter Include="Resource Files">
      <UniqueIdentifier>{66484105-EBD5-4E9A-A1BE-71B8DD82D24E}</UniqueIdentifier>
      <Extensions>rc;ico;cur;bmp;dlg;rc2;rct;bin;rgs;gif;jpg;jpeg;jpe;resx;tiff;tif;png;wav;mfcribbon-ms</Extensions>
    </Filter>
    <Filter Include="Header Files\blocks">
      <UniqueIdentifier>{05925229-cf7b-4b39-a834-6260f701e6ea}</UniqueIdentifier>
    </Filter>
    <Filter Include="Source Files\blocks">
      <UniqueIdentifier>{fca9f2cf-a2a0-40d1-a754-b8d256c1936e}</UniqueIdentifier>
    </Filter>
  </ItemGroup>
  <ItemGroup>
    <ClCompile Include="..\..\..\source\HexaCraft\dllmain.cpp">
      <Filter>Source Files</Filter>
    </ClCompile>
    <ClCompile Include="..\..\..\source\HexaCraft\plugin_main.cpp" />
    <ClCompile Include="..\..\..\source\HexaCraft\PerlinNoise.cpp">
      <Filter>Source Files</Filter>
    </ClCompile>
    <ClCompile Include="..\..\..\source\HexaCraft\DSHCLOD.cpp">
      <Filter>Source Files</Filter>
    </ClCompile>
    <ClCompile Include="..\..\..\source\HexaCraft\DSHCplayer.cpp">
      <Filter>Source Files</Filter>
    </ClCompile>
    <ClCompile Include="..\..\..\source\HexaCraft\DSHCbaseBlockTool.cpp">
      <Filter>Source Files</Filter>
    </ClCompile>
    <ClCompile Include="..\..\..\source\HexaCraft\BaseBlock.cpp">
      <Filter>Source Files</Filter>
    </ClCompile>
    <ClCompile Include="..\..\..\source\HexaCraft\SolidBlock.cpp">
      <Filter>Source Files</Filter>
    </ClCompile>
    <ClCompile Include="..\..\..\source\HexaCraft\Chunk.cpp">
      <Filter>Source Files</Filter>
    </ClCompile>
    <ClCompile Include="..\..\..\source\HexaCraft\ChunkManager.cpp">
      <Filter>Source Files</Filter>
    </ClCompile>
    <ClCompile Include="..\..\..\source\HexaCraft\DScoder.cpp">
      <Filter>Source Files</Filter>
    </ClCompile>
    <ClCompile Include="..\..\..\source\HexaCraft\RLEcoder.cpp">
      <Filter>Source Files</Filter>
    </ClCompile>
    <ClCompile Include="..\..\..\source\HexaCraft\HuffmanCoder.cpp">
      <Filter>Source Files</Filter>
    </ClCompile>
    <ClCompile Include="..\..\..\source\HexaCraft\BlockAir.cpp">
      <Filter>Source Files\blocks</Filter>
    </ClCompile>
    <ClCompile Include="..\..\..\source\HexaCraft\BlockGrass.cpp">
      <Filter>Source Files\blocks</Filter>
    </ClCompile>
    <ClCompile Include="..\..\..\source\HexaCraft\BlockSand.cpp">
      <Filter>Source Files\blocks</Filter>
    </ClCompile>
    <ClCompile Include="..\..\..\source\HexaCraft\Updatable.cpp">
      <Filter>Source Files</Filter>
    </ClCompile>
    <ClCompile Include="..\..\..\source\common\string.cpp">
      <Filter>Source Files</Filter>
    </ClCompile>
  </ItemGroup>
  <ItemGroup>
    <ClInclude Include="..\..\..\source\HexaCraft\PerlinNoise.h">
      <Filter>Header Files</Filter>
    </ClInclude>
    <ClInclude Include="..\..\..\source\HexaCraft\DSHCinventory.h">
      <Filter>Header Files</Filter>
    </ClInclude>
    <ClInclude Include="..\..\..\source\HexaCraft\DSHCLOD.h">
      <Filter>Header Files</Filter>
    </ClInclude>
    <ClInclude Include="..\..\..\source\HexaCraft\DSHCplayer.h">
      <Filter>Header Files</Filter>
    </ClInclude>
    <ClInclude Include="..\..\..\source\HexaCraft\BaseBlock.h">
      <Filter>Header Files</Filter>
    </ClInclude>
    <ClInclude Include="..\..\..\source\HexaCraft\SolidBlock.h">
      <Filter>Header Files</Filter>
    </ClInclude>
    <ClInclude Include="..\..\..\source\HexaCraft\defines.h">
      <Filter>Header Files</Filter>
    </ClInclude>
    <ClInclude Include="..\..\..\source\HexaCraft\blockID.h">
      <Filter>Header Files</Filter>
    </ClInclude>
    <ClInclude Include="..\..\..\source\HexaCraft\Chunk.h">
      <Filter>Header Files</Filter>
    </ClInclude>
    <ClInclude Include="..\..\..\source\HexaCraft\ChunkManager.h">
      <Filter>Header Files</Filter>
    </ClInclude>
    <ClInclude Include="..\..\..\source\HexaCraft\DScoder.h">
      <Filter>Header Files</Filter>
    </ClInclude>
    <ClInclude Include="..\..\..\source\HexaCraft\HuffmanCoder.h">
      <Filter>Header Files</Filter>
    </ClInclude>
    <ClInclude Include="..\..\..\source\HexaCraft\RLEcoder.h">
      <Filter>Header Files</Filter>
    </ClInclude>
    <ClInclude Include="..\..\..\source\HexaCraft\BlockAir.h">
      <Filter>Header Files\blocks</Filter>
    </ClInclude>
    <ClInclude Include="..\..\..\source\HexaCraft\BlockGrass.h">
      <Filter>Header Files\blocks</Filter>
    </ClInclude>
    <ClInclude Include="..\..\..\source\HexaCraft\BlockSand.h">
      <Filter>Header Files\blocks</Filter>
    </ClInclude>
    <ClInclude Include="..\..\..\source\HexaCraft\BaseBlockTool.h">
      <Filter>Header Files</Filter>
    </ClInclude>
    <ClInclude Include="..\..\..\source\HexaCraft\Updatable.h">
      <Filter>Header Files</Filter>
    </ClInclude>
  </ItemGroup>
</Project>