<?xml version="1.0" encoding="utf-8"?>
<Project ToolsVersion="4.0" xmlns="http://schemas.microsoft.com/developer/msbuild/2003">
  <ItemGroup>
    <Filter Include="Source Files">
      <UniqueIdentifier>{4FC737F1-C7A5-4376-A066-2A32D752A2FF}</UniqueIdentifier>
      <Extensions>cpp;c;cc;cxx;def;odl;idl;hpj;bat;asm;asmx</Extensions>
    </Filter>
    <Filter Include="Header Files">
      <UniqueIdentifier>{93995380-89BD-4b04-88EB-625FBE52EBFB}</UniqueIdentifier>
      <Extensions>h;hh;hpp;hxx;hm;inl;inc;xsd</Extensions>
    </Filter>
    <Filter Include="Resource Files">
      <UniqueIdentifier>{67DA6AB6-F800-4c08-8B7A-83BB121AAD01}</UniqueIdentifier>
      <Extensions>rc;ico;cur;bmp;dlg;rc2;rct;bin;rgs;gif;jpg;jpeg;jpe;resx;tiff;tif;png;wav;mfcribbon-ms</Extensions>
    </Filter>
  </ItemGroup>
  <ItemGroup>
    <ResourceCompile Include="..\..\..\source\sxwincreator\SXWinCreator.rc">
      <Filter>Resource Files</Filter>
    </ResourceCompile>
  </ItemGroup>
  <ItemGroup>
    <ClInclude Include="..\..\..\source\sxwincreator\resource.h">
      <Filter>Header Files</Filter>
    </ClInclude>
  </ItemGroup>
  <ItemGroup>
    <ClCompile Include="..\..\..\source\sxwincreator\WindowOutput.cpp">
      <Filter>Source Files</Filter>
    </ClCompile>
    <ClCompile Include="..\..\..\source\sxwincreator\about_sxwincreator.cpp">
      <Filter>Source Files</Filter>
    </ClCompile>
    <ClCompile Include="..\..\..\source\sxwincreator\callbacks.cpp">
      <Filter>Source Files</Filter>
    </ClCompile>
    <ClCompile Include="..\..\..\source\sxwincreator\create_current_gui.cpp">
      <Filter>Source Files</Filter>
    </ClCompile>
    <ClCompile Include="..\..\..\source\sxwincreator\sx_param_wnd_data.cpp">
      <Filter>Source Files</Filter>
    </ClCompile>
    <ClCompile Include="..\..\..\source\sxwincreator\sxwincreator.cpp">
      <Filter>Source Files</Filter>
    </ClCompile>
  </ItemGroup>
  <ItemGroup>
    <Image Include="resource\listview.bmp">
      <Filter>Resource Files</Filter>
    </Image>
    <Image Include="..\..\..\source\sxwincreator\resource\меню\new.bmp">
      <Filter>Resource Files</Filter>
    </Image>
    <Image Include="..\..\..\source\sxwincreator\resource\меню\open.bmp">
      <Filter>Resource Files</Filter>
    </Image>
    <Image Include="..\..\..\source\sxwincreator\resource\меню\run.bmp">
      <Filter>Resource Files</Filter>
    </Image>
    <Image Include="..\..\..\source\sxwincreator\resource\меню\save.bmp">
      <Filter>Resource Files</Filter>
    </Image>
    <Image Include="..\..\..\source\sxwincreator\resource\arrow.bmp">
      <Filter>Resource Files</Filter>
    </Image>
    <Image Include="..\..\..\source\sxwincreator\resource\button.bmp">
      <Filter>Resource Files</Filter>
    </Image>
    <Image Include="..\..\..\source\sxwincreator\resource\button_img.bmp">
      <Filter>Resource Files</Filter>
    </Image>
    <Image Include="..\..\..\source\sxwincreator\resource\checkbox.bmp">
      <Filter>Resource Files</Filter>
    </Image>
    <Image Include="..\..\..\source\sxwincreator\resource\combobox.bmp">
      <Filter>Resource Files</Filter>
    </Image>
    <Image Include="..\..\..\source\sxwincreator\resource\edit.bmp">
      <Filter>Resource Files</Filter>
    </Image>
    <Image Include="..\..\..\source\sxwincreator\resource\groupbox.bmp">
      <Filter>Resource Files</Filter>
    </Image>
    <Image Include="..\..\..\source\sxwincreator\resource\listbox.bmp">
      <Filter>Resource Files</Filter>
    </Image>
    <Image Include="..\..\..\source\sxwincreator\resource\mainmenu.bmp">
      <Filter>Resource Files</Filter>
    </Image>
    <Image Include="..\..\..\source\sxwincreator\resource\memo.bmp">
      <Filter>Resource Files</Filter>
    </Image>
    <Image Include="..\..\..\source\sxwincreator\resource\popupmenu.bmp">
      <Filter>Resource Files</Filter>
    </Image>
    <Image Include="..\..\..\source\sxwincreator\resource\progressbar.bmp">
      <Filter>Resource Files</Filter>
    </Image>
    <Image Include="..\..\..\source\sxwincreator\resource\radiobutton.bmp">
      <Filter>Resource Files</Filter>
    </Image>
    <Image Include="..\..\..\source\sxwincreator\resource\static.bmp">
      <Filter>Resource Files</Filter>
    </Image>
    <Image Include="..\..\..\source\sxwincreator\resource\statusbar.bmp">
      <Filter>Resource Files</Filter>
    </Image>
    <Image Include="..\..\..\source\sxwincreator\resource\toolbar.bmp">
      <Filter>Resource Files</Filter>
    </Image>
    <Image Include="..\..\..\source\sxwincreator\resource\trackbar.bmp">
      <Filter>Resource Files</Filter>
    </Image>
    <Image Include="..\..\..\source\sxwincreator\resource\updown.bmp">
      <Filter>Resource Files</Filter>
    </Image>
    <Image Include="..\..\..\source\sxwincreator\resource\window.bmp">
      <Filter>Resource Files</Filter>
    </Image>
    <Image Include="..\..\..\source\sxwincreator\resource\listview.bmp">
      <Filter>Resource Files</Filter>
    </Image>
  </ItemGroup>
</Project>