<?xml version="1.0" encoding="utf-8"?>
<Project ToolsVersion="4.0" xmlns="http://schemas.microsoft.com/developer/msbuild/2003">
  <ItemGroup>
    <ClCompile Include="..\..\..\source\SkyXEngine_Build\SkyXEngine_Build.cpp">
      <Filter>Source</Filter>
    </ClCompile>
    <ClCompile Include="..\..\..\source\common\string.cpp">
      <Filter>Source</Filter>
    </ClCompile>
    <ClCompile Include="..\..\..\source\skyxengine.cpp">
      <Filter>Source</Filter>
    </ClCompile>
    <ClCompile Include="..\..\..\source\common\string_func.cpp">
      <Filter>Source</Filter>
    </ClCompile>
  </ItemGroup>
  <ItemGroup>
    <Filter Include="Header">
      <UniqueIdentifier>{bfffb271-334c-400b-8c56-81a62877f6de}</UniqueIdentifier>
    </Filter>
    <Filter Include="Source">
      <UniqueIdentifier>{1775ac6b-729a-4a5f-8916-d8d7b9fd4a6e}</UniqueIdentifier>
    </Filter>
    <Filter Include="Resource Files">
      <UniqueIdentifier>{2c9feb65-a4b4-4815-9651-733058ec50a5}</UniqueIdentifier>
    </Filter>
  </ItemGroup>
  <ItemGroup>
    <ClInclude Include="..\..\..\source\SkyXEngine.h">
      <Filter>Header</Filter>
    </ClInclude>
    <ClInclude Include="..\..\..\source\gdefines.h">
      <Filter>Header</Filter>
    </ClInclude>
    <ClInclude Include="..\..\..\source\SkyXEngine_Build\resource.h">
      <Filter>Header</Filter>
    </ClInclude>
    <ClInclude Include="..\..\..\source\common\string.h">
      <Filter>Header</Filter>
    </ClInclude>
    <ClInclude Include="..\..\..\source\GRegisterIndex.h">
      <Filter>Header</Filter>
    </ClInclude>
    <ClInclude Include="..\..\..\source\common\string_func.h">
      <Filter>Header</Filter>
    </ClInclude>
  </ItemGroup>
  <ItemGroup>
    <ResourceCompile Include="..\..\..\source\SkyXEngine_Build\SkyXEngine.rc">
      <Filter>Resource Files</Filter>
    </ResourceCompile>
  </ItemGroup>
  <ItemGroup>
    <Image Include="..\..\..\source\SkyXEngine_preview.bmp">
      <Filter>Resource Files</Filter>
    </Image>
    <Image Include="..\..\..\source\favicon.ico">
      <Filter>Resource Files</Filter>
    </Image>
  </ItemGroup>
</Project>