<?xml version="1.0" encoding="utf-8"?>
<Project ToolsVersion="4.0" xmlns="http://schemas.microsoft.com/developer/msbuild/2003">
  <ItemGroup>
    <ClCompile Include="..\..\..\source\mtllight\sxmtllight_dll.cpp" />
    <ClCompile Include="..\..\..\source\mtllight\ml_data.cpp">
      <Filter>Source</Filter>
    </ClCompile>
    <ClCompile Include="..\..\..\source\mtllight\reflection.cpp">
      <Filter>Source</Filter>
    </ClCompile>
    <ClCompile Include="..\..\..\source\mtllight\shadow.cpp">
      <Filter>Source</Filter>
    </ClCompile>
    <ClCompile Include="..\..\..\source\mtllight\sxmtllight.cpp">
      <Filter>Source</Filter>
    </ClCompile>
    <ClCompile Include="..\..\..\source\mtllight\light.cpp">
      <Filter>Source</Filter>
    </ClCompile>
    <ClCompile Include="..\..\..\source\mtllight\material.cpp">
      <Filter>Source</Filter>
    </ClCompile>
  </ItemGroup>
  <ItemGroup>
    <Filter Include="Source">
      <UniqueIdentifier>{b861b38b-b7b0-4a50-9e0e-969dfd434ba2}</UniqueIdentifier>
    </Filter>
    <Filter Include="Headers">
      <UniqueIdentifier>{847df10a-5fb7-4a4c-bfe7-c37d59f94bca}</UniqueIdentifier>
    </Filter>
  </ItemGroup>
  <ItemGroup>
    <ClInclude Include="..\..\..\source\mtllight\reflection.h">
      <Filter>Headers</Filter>
    </ClInclude>
    <ClInclude Include="..\..\..\source\mtllight\shadow.h">
      <Filter>Headers</Filter>
    </ClInclude>
    <ClInclude Include="..\..\..\source\mtllight\sxmtllight.h">
      <Filter>Headers</Filter>
    </ClInclude>
    <ClInclude Include="..\..\..\source\mtllight\light.h">
      <Filter>Headers</Filter>
    </ClInclude>
    <ClInclude Include="..\..\..\source\mtllight\material.h">
      <Filter>Headers</Filter>
    </ClInclude>
  </ItemGroup>
</Project>