<?xml version="1.0" encoding="utf-8"?>
<Project ToolsVersion="4.0" xmlns="http://schemas.microsoft.com/developer/msbuild/2003">
  <ItemGroup>
    <ClCompile Include="..\..\..\source\gcore\shader.cpp">
      <Filter>Source</Filter>
    </ClCompile>
    <ClCompile Include="..\..\..\source\gcore\sxgcore.cpp">
      <Filter>Source</Filter>
    </ClCompile>
    <ClCompile Include="..\..\..\source\gcore\camera.cpp">
      <Filter>Source</Filter>
    </ClCompile>
    <ClCompile Include="..\..\..\source\gcore\LoaderTextures.cpp">
      <Filter>Source</Filter>
    </ClCompile>
    <ClCompile Include="..\..\..\source\gcore\bound.cpp">
      <Filter>Source</Filter>
    </ClCompile>
    <ClCompile Include="..\..\..\source\gcore\sxgcore_dll.cpp">
      <Filter>Source</Filter>
    </ClCompile>
    <ClCompile Include="..\..\..\source\common\string.cpp">
      <Filter>Source</Filter>
    </ClCompile>
    <ClCompile Include="..\..\..\source\common\string_utils.cpp">
      <Filter>Source</Filter>
    </ClCompile>
    <ClCompile Include="..\..\..\source\gcore\gcore_utils.cpp">
      <Filter>Source</Filter>
    </ClCompile>
    <ClCompile Include="..\..\..\source\gcore\gcore_data.cpp">
      <Filter>Source</Filter>
    </ClCompile>
    <ClCompile Include="..\..\..\source\gcore\ShaderPreprocessor.cpp">
      <Filter>Source</Filter>
    </ClCompile>
  </ItemGroup>
  <ItemGroup>
    <Filter Include="Source">
      <UniqueIdentifier>{253f902d-aa3a-4ce9-b705-e421925f5d0f}</UniqueIdentifier>
    </Filter>
    <Filter Include="Header">
      <UniqueIdentifier>{7952e351-a40b-4127-862e-d9216aa2a33f}</UniqueIdentifier>
    </Filter>
  </ItemGroup>
  <ItemGroup>
    <ClInclude Include="..\..\..\source\gcore\LoaderTextures.h">
      <Filter>Header</Filter>
    </ClInclude>
    <ClInclude Include="..\..\..\source\gcore\shader.h">
      <Filter>Header</Filter>
    </ClInclude>
    <ClInclude Include="..\..\..\source\gcore\sxgcore.h">
      <Filter>Header</Filter>
    </ClInclude>
    <ClInclude Include="..\..\..\source\gcore\camera.h">
      <Filter>Header</Filter>
    </ClInclude>
    <ClInclude Include="..\..\..\source\gcore\bound.h">
      <Filter>Header</Filter>
    </ClInclude>
    <ClInclude Include="..\..\..\source\common\string.h">
      <Filter>Header</Filter>
    </ClInclude>
    <ClInclude Include="..\..\..\source\common\file_utils.h">
      <Filter>Header</Filter>
    </ClInclude>
    <ClInclude Include="..\..\..\source\common\string_utils.h">
      <Filter>Header</Filter>
    </ClInclude>
    <ClInclude Include="..\..\..\source\gcore\gcore_utils.h">
      <Filter>Header</Filter>
    </ClInclude>
    <ClInclude Include="..\..\..\source\gcore\gcore_data.h">
      <Filter>Header</Filter>
    </ClInclude>
    <ClInclude Include="..\..\..\source\gcore\ShaderPreprocessor.h">
      <Filter>Header</Filter>
    </ClInclude>
  </ItemGroup>
</Project>