<?xml version="1.0" encoding="utf-8"?>
<Project ToolsVersion="4.0" xmlns="http://schemas.microsoft.com/developer/msbuild/2003">
  <ItemGroup>
    <Filter Include="Source Files">
      <UniqueIdentifier>{4FC737F1-C7A5-4376-A066-2A32D752A2FF}</UniqueIdentifier>
      <Extensions>cpp;c;cc;cxx;def;odl;idl;hpj;bat;asm;asmx</Extensions>
    </Filter>
    <Filter Include="Header Files">
      <UniqueIdentifier>{93995380-89BD-4b04-88EB-625FBE52EBFB}</UniqueIdentifier>
      <Extensions>h;hh;hpp;hxx;hm;inl;inc;xsd</Extensions>
    </Filter>
    <Filter Include="Resource Files">
      <UniqueIdentifier>{67DA6AB6-F800-4c08-8B7A-83BB121AAD01}</UniqueIdentifier>
      <Extensions>rc;ico;cur;bmp;dlg;rc2;rct;bin;rgs;gif;jpg;jpeg;jpe;resx;tiff;tif;png;wav;mfcribbon-ms</Extensions>
    </Filter>
    <Filter Include="sxore">
      <UniqueIdentifier>{ba45f16a-5f99-43e8-82e6-e7b6933ddf1c}</UniqueIdentifier>
    </Filter>
    <Filter Include="sxinput">
      <UniqueIdentifier>{5310b347-a97e-40b9-9880-c3972239f61b}</UniqueIdentifier>
    </Filter>
    <Filter Include="sxgcore">
      <UniqueIdentifier>{02875135-31f3-4367-b971-5a1b2a67c90d}</UniqueIdentifier>
    </Filter>
    <Filter Include="sxsound">
      <UniqueIdentifier>{58182dad-59b7-4ef8-a477-abda030f6c11}</UniqueIdentifier>
    </Filter>
    <Filter Include="sxguiwinapi">
      <UniqueIdentifier>{d9f37b16-a9dd-404d-9e18-1059327963ef}</UniqueIdentifier>
    </Filter>
  </ItemGroup>
  <ItemGroup>
    <ClCompile Include="..\..\..\source\handler_out_log.cpp">
      <Filter>Source Files</Filter>
    </ClCompile>
    <ClCompile Include="..\..\..\source\skyxengine.cpp">
      <Filter>Source Files</Filter>
    </ClCompile>
    <ClCompile Include="..\..\..\source\core\sxcore.cpp">
      <Filter>sxore</Filter>
    </ClCompile>
    <ClCompile Include="..\..\..\source\core\sxcore_class.cpp">
      <Filter>sxore</Filter>
    </ClCompile>
    <ClCompile Include="..\..\..\source\core\SXFile.cpp">
      <Filter>sxore</Filter>
    </ClCompile>
    <ClCompile Include="..\..\..\source\core\sxLoaderConfig_class.cpp">
      <Filter>sxore</Filter>
    </ClCompile>
    <ClCompile Include="..\..\..\source\core\sxthread_class.cpp">
      <Filter>sxore</Filter>
    </ClCompile>
    <ClCompile Include="..\..\..\source\input\sxinput.cpp">
      <Filter>sxinput</Filter>
    </ClCompile>
    <ClCompile Include="..\..\..\source\input\sxinput_class.cpp">
      <Filter>sxinput</Filter>
    </ClCompile>
    <ClCompile Include="..\..\..\source\gcore\camera.cpp">
      <Filter>sxgcore</Filter>
    </ClCompile>
    <ClCompile Include="..\..\..\source\gcore\camera_fly.cpp">
      <Filter>sxgcore</Filter>
    </ClCompile>
    <ClCompile Include="..\..\..\source\gcore\CreatorTextures.cpp">
      <Filter>sxgcore</Filter>
    </ClCompile>
    <ClCompile Include="..\..\..\source\gcore\LoaderTextures.cpp">
      <Filter>sxgcore</Filter>
    </ClCompile>
    <ClCompile Include="..\..\..\source\gcore\shader.cpp">
      <Filter>sxgcore</Filter>
    </ClCompile>
    <ClCompile Include="..\..\..\source\gcore\workmodel.cpp">
      <Filter>sxgcore</Filter>
    </ClCompile>
    <ClCompile Include="..\..\..\source\gcore\sxgcore.cpp">
      <Filter>sxgcore</Filter>
    </ClCompile>
    <ClCompile Include="..\..\..\source\sound\sxCallBackOgg.cpp">
      <Filter>sxsound</Filter>
    </ClCompile>
    <ClCompile Include="..\..\..\source\sound\sxsound.cpp">
      <Filter>sxsound</Filter>
    </ClCompile>
    <ClCompile Include="..\..\..\source\sound\sxsounds_class.cpp">
      <Filter>sxsound</Filter>
    </ClCompile>
    <ClCompile Include="..\..\..\source\SXGUIWinApi\SXGUI_edit.cpp">
      <Filter>sxguiwinapi</Filter>
    </ClCompile>
    <ClCompile Include="..\..\..\source\SXGUIWinApi\SXGUI_group_box.cpp">
      <Filter>sxguiwinapi</Filter>
    </ClCompile>
    <ClCompile Include="..\..\..\source\SXGUIWinApi\SXGUI_hint.cpp">
      <Filter>sxguiwinapi</Filter>
    </ClCompile>
    <ClCompile Include="..\..\..\source\SXGUIWinApi\sxgui_img_button.cpp">
      <Filter>sxguiwinapi</Filter>
    </ClCompile>
    <ClCompile Include="..\..\..\source\SXGUIWinApi\SXGUI_list_box.cpp">
      <Filter>sxguiwinapi</Filter>
    </ClCompile>
    <ClCompile Include="..\..\..\source\SXGUIWinApi\SXGUI_memo.cpp">
      <Filter>sxguiwinapi</Filter>
    </ClCompile>
    <ClCompile Include="..\..\..\source\SXGUIWinApi\sxgui_menu.cpp">
      <Filter>sxguiwinapi</Filter>
    </ClCompile>
    <ClCompile Include="..\..\..\source\SXGUIWinApi\SXGUI_progress_bar.cpp">
      <Filter>sxguiwinapi</Filter>
    </ClCompile>
    <ClCompile Include="..\..\..\source\SXGUIWinApi\SXGUI_radio_button.cpp">
      <Filter>sxguiwinapi</Filter>
    </ClCompile>
    <ClCompile Include="..\..\..\source\SXGUIWinApi\SXGUI_static.cpp">
      <Filter>sxguiwinapi</Filter>
    </ClCompile>
    <ClCompile Include="..\..\..\source\SXGUIWinApi\SXGUI_status_bar.cpp">
      <Filter>sxguiwinapi</Filter>
    </ClCompile>
    <ClCompile Include="..\..\..\source\SXGUIWinApi\SXGUI_toolbar.cpp">
      <Filter>sxguiwinapi</Filter>
    </ClCompile>
    <ClCompile Include="..\..\..\source\SXGUIWinApi\SXGUI_toolbar_sx.cpp">
      <Filter>sxguiwinapi</Filter>
    </ClCompile>
    <ClCompile Include="..\..\..\source\SXGUIWinApi\SXGUI_track_bar.cpp">
      <Filter>sxguiwinapi</Filter>
    </ClCompile>
    <ClCompile Include="..\..\..\source\SXGUIWinApi\SXGUI_up_down.cpp">
      <Filter>sxguiwinapi</Filter>
    </ClCompile>
    <ClCompile Include="..\..\..\source\SXGUIWinApi\sxgui_base.cpp">
      <Filter>sxguiwinapi</Filter>
    </ClCompile>
    <ClCompile Include="..\..\..\source\SXGUIWinApi\SXGUI_base_wnd.cpp">
      <Filter>sxguiwinapi</Filter>
    </ClCompile>
    <ClCompile Include="..\..\..\source\SXGUIWinApi\SXGUI_button.cpp">
      <Filter>sxguiwinapi</Filter>
    </ClCompile>
    <ClCompile Include="..\..\..\source\SXGUIWinApi\SXGUI_check_box.cpp">
      <Filter>sxguiwinapi</Filter>
    </ClCompile>
    <ClCompile Include="..\..\..\source\SXGUIWinApi\SXGUI_combo_box.cpp">
      <Filter>sxguiwinapi</Filter>
    </ClCompile>
    <ClCompile Include="..\..\..\source\gcore\dxdevice.cpp">
      <Filter>sxgcore</Filter>
    </ClCompile>
    <ClCompile Include="..\..\..\source\gcore\baseobject.cpp">
      <Filter>sxgcore</Filter>
    </ClCompile>
  </ItemGroup>
  <ItemGroup>
    <ClInclude Include="..\..\..\source\gdefines.h">
      <Filter>Header Files</Filter>
    </ClInclude>
    <ClInclude Include="..\..\..\source\SXMath.h">
      <Filter>Header Files</Filter>
    </ClInclude>
    <ClInclude Include="..\..\..\source\core\sxcore.h">
      <Filter>sxore</Filter>
    </ClInclude>
    <ClInclude Include="..\..\..\source\core\sxcore_class.h">
      <Filter>sxore</Filter>
    </ClInclude>
    <ClInclude Include="..\..\..\source\core\SXFile.h">
      <Filter>sxore</Filter>
    </ClInclude>
    <ClInclude Include="..\..\..\source\core\sxLoaderConfig_class.h">
      <Filter>sxore</Filter>
    </ClInclude>
    <ClInclude Include="..\..\..\source\core\sxthread_class.h">
      <Filter>sxore</Filter>
    </ClInclude>
    <ClInclude Include="..\..\..\source\input\sxinput.h">
      <Filter>sxinput</Filter>
    </ClInclude>
    <ClInclude Include="..\..\..\source\input\sxinput_class.h">
      <Filter>sxinput</Filter>
    </ClInclude>
    <ClInclude Include="..\..\..\source\cdefines.h">
      <Filter>Header Files</Filter>
    </ClInclude>
    <ClInclude Include="..\..\..\source\gcore\camera.h">
      <Filter>sxgcore</Filter>
    </ClInclude>
    <ClInclude Include="..\..\..\source\gcore\camera_fly.h">
      <Filter>sxgcore</Filter>
    </ClInclude>
    <ClInclude Include="..\..\..\source\gcore\creatortextures.h">
      <Filter>sxgcore</Filter>
    </ClInclude>
    <ClInclude Include="..\..\..\source\gcore\LoaderTextures.h">
      <Filter>sxgcore</Filter>
    </ClInclude>
    <ClInclude Include="..\..\..\source\gcore\shader.h">
      <Filter>sxgcore</Filter>
    </ClInclude>
    <ClInclude Include="..\..\..\source\gcore\sxgcore.h">
      <Filter>sxgcore</Filter>
    </ClInclude>
    <ClInclude Include="..\..\..\source\sound\sxsound.h">
      <Filter>sxsound</Filter>
    </ClInclude>
    <ClInclude Include="..\..\..\source\sound\sxsounds_class.h">
      <Filter>sxsound</Filter>
    </ClInclude>
    <ClInclude Include="..\..\..\source\SXGUIWinApi\SXGUI_combo_box.h">
      <Filter>sxguiwinapi</Filter>
    </ClInclude>
    <ClInclude Include="..\..\..\source\SXGUIWinApi\sxgui_edit.h">
      <Filter>sxguiwinapi</Filter>
    </ClInclude>
    <ClInclude Include="..\..\..\source\SXGUIWinApi\SXGUI_group_box.h">
      <Filter>sxguiwinapi</Filter>
    </ClInclude>
    <ClInclude Include="..\..\..\source\SXGUIWinApi\SXGUI_hint.h">
      <Filter>sxguiwinapi</Filter>
    </ClInclude>
    <ClInclude Include="..\..\..\source\SXGUIWinApi\SXGUI_img_button.h">
      <Filter>sxguiwinapi</Filter>
    </ClInclude>
    <ClInclude Include="..\..\..\source\SXGUIWinApi\SXGUI_list_box.h">
      <Filter>sxguiwinapi</Filter>
    </ClInclude>
    <ClInclude Include="..\..\..\source\SXGUIWinApi\SXGUI_memo.h">
      <Filter>sxguiwinapi</Filter>
    </ClInclude>
    <ClInclude Include="..\..\..\source\SXGUIWinApi\SXGUI_menu.h">
      <Filter>sxguiwinapi</Filter>
    </ClInclude>
    <ClInclude Include="..\..\..\source\SXGUIWinApi\SXGUI_progress_bar.h">
      <Filter>sxguiwinapi</Filter>
    </ClInclude>
    <ClInclude Include="..\..\..\source\SXGUIWinApi\SXGUI_radio_button.h">
      <Filter>sxguiwinapi</Filter>
    </ClInclude>
    <ClInclude Include="..\..\..\source\SXGUIWinApi\SXGUI_static.h">
      <Filter>sxguiwinapi</Filter>
    </ClInclude>
    <ClInclude Include="..\..\..\source\SXGUIWinApi\SXGUI_status_bar.h">
      <Filter>sxguiwinapi</Filter>
    </ClInclude>
    <ClInclude Include="..\..\..\source\SXGUIWinApi\SXGUI_toolbar.h">
      <Filter>sxguiwinapi</Filter>
    </ClInclude>
    <ClInclude Include="..\..\..\source\SXGUIWinApi\SXGUI_toolbar_sx.h">
      <Filter>sxguiwinapi</Filter>
    </ClInclude>
    <ClInclude Include="..\..\..\source\SXGUIWinApi\SXGUI_track_bar.h">
      <Filter>sxguiwinapi</Filter>
    </ClInclude>
    <ClInclude Include="..\..\..\source\SXGUIWinApi\SXGUI_up_down.h">
      <Filter>sxguiwinapi</Filter>
    </ClInclude>
    <ClInclude Include="..\..\..\source\SXGUIWinApi\SXGUIH.h">
      <Filter>sxguiwinapi</Filter>
    </ClInclude>
    <ClInclude Include="..\..\..\source\SXGUIWinApi\SXGUI.h">
      <Filter>sxguiwinapi</Filter>
    </ClInclude>
    <ClInclude Include="..\..\..\source\SXGUIWinApi\sxgui_base.h">
      <Filter>sxguiwinapi</Filter>
    </ClInclude>
    <ClInclude Include="..\..\..\source\SXGUIWinApi\SXGUI_base_wnd.h">
      <Filter>sxguiwinapi</Filter>
    </ClInclude>
    <ClInclude Include="..\..\..\source\SXGUIWinApi\sxgui_button.h">
      <Filter>sxguiwinapi</Filter>
    </ClInclude>
    <ClInclude Include="..\..\..\source\SXGUIWinApi\SXGUI_check_box.h">
      <Filter>sxguiwinapi</Filter>
    </ClInclude>
    <ClInclude Include="..\..\..\source\SXGUIWinApi\sxguielements.h">
      <Filter>sxguiwinapi</Filter>
    </ClInclude>
    <ClInclude Include="..\..\..\source\gcore\baseobject.h">
      <Filter>sxgcore</Filter>
    </ClInclude>
  </ItemGroup>
</Project>